{
  "name": "migrations-fma",
  "version": "0.1.0",
  "lockfileVersion": 2,
  "requires": true,
  "packages": {
    "": {
      "name": "migrations-fma",
      "version": "0.1.0",
      "license": "MIT",
      "dependencies": {
        "anatolievich": "^0.1.1"
      }
    },
    "node_modules/anatolievich": {
      "version": "0.1.1",
      "resolved": "https://registry.npmjs.org/anatolievich/-/anatolievich-0.1.1.tgz",
      "integrity": "sha512-7J7PuE8+wXh5jUR6+12SkZzpsvpPdBEHpLiLXR5wj7Imrf3AsknUwsQAwjvRXyRf8S6lXMdelS/l3c6IE/2EeQ==",
      "dependencies": {
        "migrations-fma": "^0.1.0"
      }
    },
    "node_modules/migrations-fma": {
      "version": "0.1.0",
      "resolved": "https://registry.npmjs.org/migrations-fma/-/migrations-fma-0.1.0.tgz",
      "integrity": "sha512-dsvNyM8pfA7v40q5XOix3+mwWKbFzlh5RFwebelVjAuKhyo5YBMbepmHbz1zw9/9QpvNksA4io/IYZktHOGLCg=="
    }
  },
  "dependencies": {
    "anatolievich": {
      "version": "0.1.1",
      "resolved": "https://registry.npmjs.org/anatolievich/-/anatolievich-0.1.1.tgz",
      "integrity": "sha512-7J7PuE8+wXh5jUR6+12SkZzpsvpPdBEHpLiLXR5wj7Imrf3AsknUwsQAwjvRXyRf8S6lXMdelS/l3c6IE/2EeQ==",
      "requires": {
        "migrations-fma": "^0.1.0"
      }
    },
    "migrations-fma": {
      "version": "0.1.0",
      "resolved": "https://registry.npmjs.org/migrations-fma/-/migrations-fma-0.1.0.tgz",
      "integrity": "sha512-dsvNyM8pfA7v40q5XOix3+mwWKbFzlh5RFwebelVjAuKhyo5YBMbepmHbz1zw9/9QpvNksA4io/IYZktHOGLCg=="
    }
  }
}
